
Microsoft Visual Studio Solution File, Format Version 12.00
# Visual Studio Version 16
VisualStudioVersion = 16.0.32407.337
MinimumVisualStudioVersion = 10.0.40219.1
Project("{2150E333-8FDC-42A3-9474-1A3956D46DE8}") = "src", "src", "{E7A3B4ED-0A27-4739-BA1A-FF5A2D39EE24}"
EndProject
Project("{9A19103F-16F7-4668-BE54-9A1E7A4F7556}") = "GameStore.Api", "src\GameStore.Api\GameStore.Api.csproj", "{DC7394C1-4094-400B-ABF7-855E08A460C4}"
EndProject
Global
	GlobalSection(SolutionConfigurationPlatforms) = preSolution
		Debug|Any CPU = Debug|Any CPU
		Release|Any CPU = Release|Any CPU
	EndGlobalSection
	GlobalSection(ProjectConfigurationPlatforms) = postSolution
		{DC7394C1-4094-400B-ABF7-855E08A460C4}.Debug|Any CPU.ActiveCfg = Debug|Any CPU
		{DC7394C1-4094-400B-ABF7-855E08A460C4}.Debug|Any CPU.Build.0 = Debug|Any CPU
		{DC7394C1-4094-400B-ABF7-855E08A460C4}.Release|Any CPU.ActiveCfg = Release|Any CPU
		{DC7394C1-4094-400B-ABF7-855E08A460C4}.Release|Any CPU.Build.0 = Release|Any CPU
	EndGlobalSection
	GlobalSection(SolutionProperties) = preSolution
		HideSolutionNode = FALSE
	EndGlobalSection
	GlobalSection(NestedProjects) = preSolution
		{DC7394C1-4094-400B-ABF7-855E08A460C4} = {E7A3B4ED-0A27-4739-BA1A-FF5A2D39EE24}
	EndGlobalSection
	GlobalSection(ExtensibilityGlobals) = postSolution
		SolutionGuid = {58690CEA-EC62-4263-AF8B-87983C373722}
	EndGlobalSection
EndGlobal
